
Microsoft Visual Studio Solution File, Format Version 12.00
# Visual Studio Version 17
VisualStudioVersion = 17.9.34701.34
MinimumVisualStudioVersion = 10.0.40219.1
Project("{FAE04EC0-301F-11D3-BF4B-00C04F79EFBC}") = "AvaloniaApplication1", "AvaloniaApplication1\AvaloniaApplication1.csproj", "{97272918-1FAE-4CDB-878C-C8C109BB446B}"
EndProject
Global
	GlobalSection(SolutionConfigurationPlatforms) = preSolution
		Debug|Any CPU = Debug|Any CPU
		Release|Any CPU = Release|Any CPU
	EndGlobalSection
	GlobalSection(ProjectConfigurationPlatforms) = postSolution
		{97272918-1FAE-4CDB-878C-C8C109BB446B}.Debug|Any CPU.ActiveCfg = Debug|Any CPU
		{97272918-1FAE-4CDB-878C-C8C109BB446B}.Debug|Any CPU.Build.0 = Debug|Any CPU
		{97272918-1FAE-4CDB-878C-C8C109BB446B}.Release|Any CPU.ActiveCfg = Release|Any CPU
		{97272918-1FAE-4CDB-878C-C8C109BB446B}.Release|Any CPU.Build.0 = Release|Any CPU
	EndGlobalSection
	GlobalSection(SolutionProperties) = preSolution
		HideSolutionNode = FALSE
	EndGlobalSection
	GlobalSection(ExtensibilityGlobals) = postSolution
		SolutionGuid = {E4268CCC-150F-4CC1-8A45-64C2D3881C81}
	EndGlobalSection
EndGlobal
